// !$*UTF8*$!
{
	archiveVersion = 1;
	classes = {
	};
	objectVersion = 77;
	objects = {

/* Begin PBXBuildFile section */
		F1D000052F21000100A1B2C3 /* ApplicationCoordinatorTests.swift in Sources */ = {isa = PBXBuildFile; fileRef = F1D000032F21000100A1B2C3 /* ApplicationCoordinatorTests.swift */; };
		F1D000062F21000100A1B2C3 /* MainTabsCoordinatorTests.swift in Sources */ = {isa = PBXBuildFile; fileRef = F1D000042F21000100A1B2C3 /* MainTabsCoordinatorTests.swift */; };
		F1D000072F21000100A1B2C3 /* Core in Frameworks */ = {isa = PBXBuildFile; productRef = F05EEFED2EF951B700ECE500 /* Core */; };
		F1D000082F21000100A1B2C3 /* HomeFeature in Frameworks */ = {isa = PBXBuildFile; productRef = F02186A62EF5592A00C6E14A /* HomeFeature */; };
		F1D000092F21000100A1B2C3 /* CartFeature in Frameworks */ = {isa = PBXBuildFile; productRef = F02186A92EF5596F00C6E14A /* CartFeature */; };
		F1D0000A2F21000100A1B2C3 /* DeliveryFeature in Frameworks */ = {isa = PBXBuildFile; productRef = F05EEFEA2EF9449D00ECE500 /* DeliveryFeature */; };
		F1D0000B2F21000100A1B2C3 /* PaymentFeature in Frameworks */ = {isa = PBXBuildFile; productRef = F0C7A0032F0A000100A1B2C3 /* PaymentFeature */; };
		F02186A72EF5592A00C6E14A /* HomeFeature in Frameworks */ = {isa = PBXBuildFile; productRef = F02186A62EF5592A00C6E14A /* HomeFeature */; };
		F02186AA2EF5596F00C6E14A /* CartFeature in Frameworks */ = {isa = PBXBuildFile; productRef = F02186A92EF5596F00C6E14A /* CartFeature */; };
		F05EEFEB2EF9449D00ECE500 /* DeliveryFeature in Frameworks */ = {isa = PBXBuildFile; productRef = F05EEFEA2EF9449D00ECE500 /* DeliveryFeature */; };
		F05EEFEE2EF951B700ECE500 /* Core in Frameworks */ = {isa = PBXBuildFile; productRef = F05EEFED2EF951B700ECE500 /* Core */; };
		F0C7A0012F0A000100A1B2C3 /* PaymentFeature in Frameworks */ = {isa = PBXBuildFile; productRef = F0C7A0032F0A000100A1B2C3 /* PaymentFeature */; };
/* End PBXBuildFile section */

/* Begin PBXContainerItemProxy section */
		F1D000102F21000100A1B2C3 /* PBXContainerItemProxy */ = {
			isa = PBXContainerItemProxy;
			containerPortal = F0BFB2592EF1C21C006D4954 /* Project object */;
			proxyType = 1;
			remoteGlobalIDString = F0BFB2602EF1C21C006D4954;
			remoteInfo = "Demo App With Coordinators";
		};
/* End PBXContainerItemProxy section */

/* Begin PBXFileReference section */
		F1D000012F21000100A1B2C3 /* Demo App With CoordinatorsTests.xctest */ = {isa = PBXFileReference; explicitFileType = wrapper.cfbundle; includeInIndex = 0; path = "Demo App With CoordinatorsTests.xctest"; sourceTree = BUILT_PRODUCTS_DIR; };
		F1D000032F21000100A1B2C3 /* ApplicationCoordinatorTests.swift */ = {isa = PBXFileReference; lastKnownFileType = sourcecode.swift; path = ApplicationCoordinatorTests.swift; sourceTree = "<group>"; };
		F1D000042F21000100A1B2C3 /* MainTabsCoordinatorTests.swift */ = {isa = PBXFileReference; lastKnownFileType = sourcecode.swift; path = MainTabsCoordinatorTests.swift; sourceTree = "<group>"; };
		F0BFB2612EF1C21C006D4954 /* Demo App With Coordinators.app */ = {isa = PBXFileReference; explicitFileType = wrapper.application; includeInIndex = 0; path = "Demo App With Coordinators.app"; sourceTree = BUILT_PRODUCTS_DIR; };
/* End PBXFileReference section */

/* Begin PBXFileSystemSynchronizedBuildFileExceptionSet section */
		F0BFB2732EF1C21D006D4954 /* Exceptions for "Demo App With Coordinators" folder in "Demo App With Coordinators" target */ = {
			isa = PBXFileSystemSynchronizedBuildFileExceptionSet;
			membershipExceptions = (
				Info.plist,
			);
			target = F0BFB2602EF1C21C006D4954 /* Demo App With Coordinators */;
		};
/* End PBXFileSystemSynchronizedBuildFileExceptionSet section */

/* Begin PBXFileSystemSynchronizedRootGroup section */
		F0BFB2632EF1C21C006D4954 /* Demo App With Coordinators */ = {
			isa = PBXFileSystemSynchronizedRootGroup;
			exceptions = (
				F0BFB2732EF1C21D006D4954 /* Exceptions for "Demo App With Coordinators" folder in "Demo App With Coordinators" target */,
			);
			path = "Demo App With Coordinators";
			sourceTree = "<group>";
		};
/* End PBXFileSystemSynchronizedRootGroup section */

/* Begin PBXFrameworksBuildPhase section */
		F1D0000D2F21000100A1B2C3 /* Frameworks */ = {
			isa = PBXFrameworksBuildPhase;
			buildActionMask = 2147483647;
			files = (
				F1D000092F21000100A1B2C3 /* CartFeature in Frameworks */,
				F1D000082F21000100A1B2C3 /* HomeFeature in Frameworks */,
				F1D0000B2F21000100A1B2C3 /* PaymentFeature in Frameworks */,
				F1D0000A2F21000100A1B2C3 /* DeliveryFeature in Frameworks */,
				F1D000072F21000100A1B2C3 /* Core in Frameworks */,
			);
			runOnlyForDeploymentPostprocessing = 0;
		};
		F0BFB25E2EF1C21C006D4954 /* Frameworks */ = {
			isa = PBXFrameworksBuildPhase;
			buildActionMask = 2147483647;
			files = (
				F02186A72EF5592A00C6E14A /* HomeFeature in Frameworks */,
				F05EEFEE2EF951B700ECE500 /* Core in Frameworks */,
				F05EEFEB2EF9449D00ECE500 /* DeliveryFeature in Frameworks */,
				F02186AA2EF5596F00C6E14A /* CartFeature in Frameworks */,
				F0C7A0012F0A000100A1B2C3 /* PaymentFeature in Frameworks */,
			);
			runOnlyForDeploymentPostprocessing = 0;
		};
/* End PBXFrameworksBuildPhase section */

/* Begin PBXGroup section */
		F1D000022F21000100A1B2C3 /* Demo App With CoordinatorsTests */ = {
			isa = PBXGroup;
			children = (
				F1D000032F21000100A1B2C3 /* ApplicationCoordinatorTests.swift */,
				F1D000042F21000100A1B2C3 /* MainTabsCoordinatorTests.swift */,
			);
			path = "Demo App With CoordinatorsTests";
			sourceTree = "<group>";
		};
		F0BFB2582EF1C21C006D4954 = {
			isa = PBXGroup;
			children = (
				F0BFB2632EF1C21C006D4954 /* Demo App With Coordinators */,
				F1D000022F21000100A1B2C3 /* Demo App With CoordinatorsTests */,
				F0BFB2622EF1C21C006D4954 /* Products */,
			);
			sourceTree = "<group>";
		};
		F0BFB2622EF1C21C006D4954 /* Products */ = {
			isa = PBXGroup;
			children = (
				F0BFB2612EF1C21C006D4954 /* Demo App With Coordinators.app */,
				F1D000012F21000100A1B2C3 /* Demo App With CoordinatorsTests.xctest */,
			);
			name = Products;
			sourceTree = "<group>";
		};
/* End PBXGroup section */

/* Begin PBXNativeTarget section */
		F1D0000F2F21000100A1B2C3 /* Demo App With CoordinatorsTests */ = {
			isa = PBXNativeTarget;
			buildConfigurationList = F1D000142F21000100A1B2C3 /* Build configuration list for PBXNativeTarget "Demo App With CoordinatorsTests" */;
			buildPhases = (
				F1D0000C2F21000100A1B2C3 /* Sources */,
				F1D0000D2F21000100A1B2C3 /* Frameworks */,
				F1D0000E2F21000100A1B2C3 /* Resources */,
			);
			buildRules = (
			);
			dependencies = (
				F1D000112F21000100A1B2C3 /* PBXTargetDependency */,
			);
			name = "Demo App With CoordinatorsTests";
			packageProductDependencies = (
				F05EEFED2EF951B700ECE500 /* Core */,
				F02186A62EF5592A00C6E14A /* HomeFeature */,
				F02186A92EF5596F00C6E14A /* CartFeature */,
				F05EEFEA2EF9449D00ECE500 /* DeliveryFeature */,
				F0C7A0032F0A000100A1B2C3 /* PaymentFeature */,
			);
			productName = "Demo App With CoordinatorsTests";
			productReference = F1D000012F21000100A1B2C3 /* Demo App With CoordinatorsTests.xctest */;
			productType = "com.apple.product-type.bundle.unit-test";
		};
		F0BFB2602EF1C21C006D4954 /* Demo App With Coordinators */ = {
			isa = PBXNativeTarget;
			buildConfigurationList = F0BFB2742EF1C21D006D4954 /* Build configuration list for PBXNativeTarget "Demo App With Coordinators" */;
			buildPhases = (
				F0BFB25D2EF1C21C006D4954 /* Sources */,
				F0BFB25E2EF1C21C006D4954 /* Frameworks */,
				F0BFB25F2EF1C21C006D4954 /* Resources */,
			);
			buildRules = (
			);
			dependencies = (
			);
			fileSystemSynchronizedGroups = (
				F0BFB2632EF1C21C006D4954 /* Demo App With Coordinators */,
			);
			name = "Demo App With Coordinators";
			packageProductDependencies = (
				F02186A62EF5592A00C6E14A /* HomeFeature */,
				F02186A92EF5596F00C6E14A /* CartFeature */,
				F05EEFEA2EF9449D00ECE500 /* DeliveryFeature */,
				F05EEFED2EF951B700ECE500 /* Core */,
				F0C7A0032F0A000100A1B2C3 /* PaymentFeature */,
			);
			productName = "Demo App With Coordinators";
			productReference = F0BFB2612EF1C21C006D4954 /* Demo App With Coordinators.app */;
			productType = "com.apple.product-type.application";
		};
/* End PBXNativeTarget section */

/* Begin PBXProject section */
		F0BFB2592EF1C21C006D4954 /* Project object */ = {
			isa = PBXProject;
			attributes = {
				BuildIndependentTargetsInParallel = 1;
				LastSwiftUpdateCheck = 2600;
				LastUpgradeCheck = 2600;
				TargetAttributes = {
					F1D0000F2F21000100A1B2C3 = {
						CreatedOnToolsVersion = 26.3;
						TestTargetID = F0BFB2602EF1C21C006D4954;
					};
					F0BFB2602EF1C21C006D4954 = {
						CreatedOnToolsVersion = 26.0.1;
					};
				};
			};
			buildConfigurationList = F0BFB25C2EF1C21C006D4954 /* Build configuration list for PBXProject "Demo App With Coordinators" */;
			developmentRegion = en;
			hasScannedForEncodings = 0;
			knownRegions = (
				en,
				Base,
			);
			mainGroup = F0BFB2582EF1C21C006D4954;
			minimizedProjectReferenceProxies = 1;
			packageReferences = (
				F02186A52EF5592A00C6E14A /* XCLocalSwiftPackageReference "Packages/HomeFeature" */,
				F02186A82EF5596F00C6E14A /* XCLocalSwiftPackageReference "Packages/CartFeature" */,
				F05EEFE92EF9449D00ECE500 /* XCLocalSwiftPackageReference "Packages/DeliveryFeature" */,
				F05EEFEC2EF951B700ECE500 /* XCLocalSwiftPackageReference "Packages/Core" */,
				F0C7A0022F0A000100A1B2C3 /* XCLocalSwiftPackageReference "Packages/PaymentFeature" */,
			);
			preferredProjectObjectVersion = 77;
			productRefGroup = F0BFB2622EF1C21C006D4954 /* Products */;
			projectDirPath = "";
			projectRoot = "";
			targets = (
				F0BFB2602EF1C21C006D4954 /* Demo App With Coordinators */,
				F1D0000F2F21000100A1B2C3 /* Demo App With CoordinatorsTests */,
			);
		};
/* End PBXProject section */

/* Begin PBXResourcesBuildPhase section */
		F1D0000E2F21000100A1B2C3 /* Resources */ = {
			isa = PBXResourcesBuildPhase;
			buildActionMask = 2147483647;
			files = (
			);
			runOnlyForDeploymentPostprocessing = 0;
		};
		F0BFB25F2EF1C21C006D4954 /* Resources */ = {
			isa = PBXResourcesBuildPhase;
			buildActionMask = 2147483647;
			files = (
			);
			runOnlyForDeploymentPostprocessing = 0;
		};
/* End PBXResourcesBuildPhase section */

/* Begin PBXSourcesBuildPhase section */
		F1D0000C2F21000100A1B2C3 /* Sources */ = {
			isa = PBXSourcesBuildPhase;
			buildActionMask = 2147483647;
			files = (
				F1D000052F21000100A1B2C3 /* ApplicationCoordinatorTests.swift in Sources */,
				F1D000062F21000100A1B2C3 /* MainTabsCoordinatorTests.swift in Sources */,
			);
			runOnlyForDeploymentPostprocessing = 0;
		};
		F0BFB25D2EF1C21C006D4954 /* Sources */ = {
			isa = PBXSourcesBuildPhase;
			buildActionMask = 2147483647;
			files = (
			);
			runOnlyForDeploymentPostprocessing = 0;
		};
/* End PBXSourcesBuildPhase section */

/* Begin PBXTargetDependency section */
		F1D000112F21000100A1B2C3 /* PBXTargetDependency */ = {
			isa = PBXTargetDependency;
			target = F0BFB2602EF1C21C006D4954 /* Demo App With Coordinators */;
			targetProxy = F1D000102F21000100A1B2C3 /* PBXContainerItemProxy */;
		};
/* End PBXTargetDependency section */

/* Begin XCBuildConfiguration section */
		F1D000122F21000100A1B2C3 /* Debug */ = {
			isa = XCBuildConfiguration;
			buildSettings = {
				BUNDLE_LOADER = "$(TEST_HOST)";
				CODE_SIGN_STYLE = Automatic;
				CURRENT_PROJECT_VERSION = 1;
				DEVELOPMENT_TEAM = RGTYV87Q2P;
				GENERATE_INFOPLIST_FILE = YES;
				IPHONEOS_DEPLOYMENT_TARGET = 15.0;
				LD_RUNPATH_SEARCH_PATHS = (
					"$(inherited)",
					"@executable_path/Frameworks",
					"@loader_path/Frameworks",
				);
				PRODUCT_BUNDLE_IDENTIFIER = "com.lyubchenko.stanislav.Demo-App-With-CoordinatorsTests";
				PRODUCT_NAME = "$(TARGET_NAME)";
				SWIFT_DEFAULT_ACTOR_ISOLATION = MainActor;
				SWIFT_EMIT_LOC_STRINGS = NO;
				SWIFT_VERSION = 6.0;
				TARGETED_DEVICE_FAMILY = "1,2";
				TEST_HOST = "$(BUILT_PRODUCTS_DIR)/Demo App With Coordinators.app/$(BUNDLE_EXECUTABLE_FOLDER_PATH)/Demo App With Coordinators";
				TEST_TARGET_NAME = "Demo App With Coordinators";
			};
			name = Debug;
		};
		F1D000132F21000100A1B2C3 /* Release */ = {
			isa = XCBuildConfiguration;
			buildSettings = {
				BUNDLE_LOADER = "$(TEST_HOST)";
				CODE_SIGN_STYLE = Automatic;
				CURRENT_PROJECT_VERSION = 1;
				DEVELOPMENT_TEAM = RGTYV87Q2P;
				GENERATE_INFOPLIST_FILE = YES;
				IPHONEOS_DEPLOYMENT_TARGET = 15.0;
				LD_RUNPATH_SEARCH_PATHS = (
					"$(inherited)",
					"@executable_path/Frameworks",
					"@loader_path/Frameworks",
				);
				PRODUCT_BUNDLE_IDENTIFIER = "com.lyubchenko.stanislav.Demo-App-With-CoordinatorsTests";
				PRODUCT_NAME = "$(TARGET_NAME)";
				SWIFT_DEFAULT_ACTOR_ISOLATION = MainActor;
				SWIFT_EMIT_LOC_STRINGS = NO;
				SWIFT_VERSION = 6.0;
				TARGETED_DEVICE_FAMILY = "1,2";
				TEST_HOST = "$(BUILT_PRODUCTS_DIR)/Demo App With Coordinators.app/$(BUNDLE_EXECUTABLE_FOLDER_PATH)/Demo App With Coordinators";
				TEST_TARGET_NAME = "Demo App With Coordinators";
			};
			name = Release;
		};
		F0BFB2752EF1C21D006D4954 /* Debug */ = {
			isa = XCBuildConfiguration;
			buildSettings = {
				ASSETCATALOG_COMPILER_APPICON_NAME = AppIcon;
				ASSETCATALOG_COMPILER_GLOBAL_ACCENT_COLOR_NAME = AccentColor;
				CODE_SIGN_STYLE = Automatic;
				CURRENT_PROJECT_VERSION = 1;
				DEVELOPMENT_TEAM = RGTYV87Q2P;
				GENERATE_INFOPLIST_FILE = YES;
				INFOPLIST_FILE = "Demo App With Coordinators/Info.plist";
				INFOPLIST_KEY_UIApplicationSupportsIndirectInputEvents = YES;
				INFOPLIST_KEY_UILaunchStoryboardName = LaunchScreen;
				INFOPLIST_KEY_UIMainStoryboardFile = "";
				INFOPLIST_KEY_UISupportedInterfaceOrientations_iPad = "UIInterfaceOrientationPortrait UIInterfaceOrientationPortraitUpsideDown UIInterfaceOrientationLandscapeLeft UIInterfaceOrientationLandscapeRight";
				INFOPLIST_KEY_UISupportedInterfaceOrientations_iPhone = "UIInterfaceOrientationPortrait UIInterfaceOrientationLandscapeLeft UIInterfaceOrientationLandscapeRight";
				IPHONEOS_DEPLOYMENT_TARGET = 15.0;
				LD_RUNPATH_SEARCH_PATHS = (
					"$(inherited)",
					"@executable_path/Frameworks",
				);
				MARKETING_VERSION = 1.0;
				PRODUCT_BUNDLE_IDENTIFIER = "com.lyubchenko.stanislav.Demo-App-With-Coordinators";
				PRODUCT_NAME = "$(TARGET_NAME)";
				STRING_CATALOG_GENERATE_SYMBOLS = YES;
				SWIFT_APPROACHABLE_CONCURRENCY = YES;
				SWIFT_DEFAULT_ACTOR_ISOLATION = MainActor;
				SWIFT_EMIT_LOC_STRINGS = YES;
				SWIFT_STRICT_CONCURRENCY = complete;
				SWIFT_TREAT_WARNINGS_AS_ERRORS = NO;
				SWIFT_UPCOMING_FEATURE_MEMBER_IMPORT_VISIBILITY = YES;
				SWIFT_VERSION = 6.0;
				TARGETED_DEVICE_FAMILY = "1,2";
			};
			name = Debug;
		};
		F0BFB2762EF1C21D006D4954 /* Release */ = {
			isa = XCBuildConfiguration;
			buildSettings = {
				ASSETCATALOG_COMPILER_APPICON_NAME = AppIcon;
				ASSETCATALOG_COMPILER_GLOBAL_ACCENT_COLOR_NAME = AccentColor;
				CODE_SIGN_STYLE = Automatic;
				CURRENT_PROJECT_VERSION = 1;
				DEVELOPMENT_TEAM = RGTYV87Q2P;
				GENERATE_INFOPLIST_FILE = YES;
				INFOPLIST_FILE = "Demo App With Coordinators/Info.plist";
				INFOPLIST_KEY_UIApplicationSupportsIndirectInputEvents = YES;
				INFOPLIST_KEY_UILaunchStoryboardName = LaunchScreen;
				INFOPLIST_KEY_UIMainStoryboardFile = "";
				INFOPLIST_KEY_UISupportedInterfaceOrientations_iPad = "UIInterfaceOrientationPortrait UIInterfaceOrientationPortraitUpsideDown UIInterfaceOrientationLandscapeLeft UIInterfaceOrientationLandscapeRight";
				INFOPLIST_KEY_UISupportedInterfaceOrientations_iPhone = "UIInterfaceOrientationPortrait UIInterfaceOrientationLandscapeLeft UIInterfaceOrientationLandscapeRight";
				IPHONEOS_DEPLOYMENT_TARGET = 15.0;
				LD_RUNPATH_SEARCH_PATHS = (
					"$(inherited)",
					"@executable_path/Frameworks",
				);
				MARKETING_VERSION = 1.0;
				PRODUCT_BUNDLE_IDENTIFIER = "com.lyubchenko.stanislav.Demo-App-With-Coordinators";
				PRODUCT_NAME = "$(TARGET_NAME)";
				STRING_CATALOG_GENERATE_SYMBOLS = YES;
				SWIFT_APPROACHABLE_CONCURRENCY = YES;
				SWIFT_DEFAULT_ACTOR_ISOLATION = MainActor;
				SWIFT_EMIT_LOC_STRINGS = YES;
				SWIFT_STRICT_CONCURRENCY = complete;
				SWIFT_TREAT_WARNINGS_AS_ERRORS = NO;
				SWIFT_UPCOMING_FEATURE_MEMBER_IMPORT_VISIBILITY = YES;
				SWIFT_VERSION = 6.0;
				TARGETED_DEVICE_FAMILY = "1,2";
			};
			name = Release;
		};
		F0BFB2772EF1C21D006D4954 /* Debug */ = {
			isa = XCBuildConfiguration;
			buildSettings = {
				ALWAYS_SEARCH_USER_PATHS = NO;
				ASSETCATALOG_COMPILER_GENERATE_SWIFT_ASSET_SYMBOL_EXTENSIONS = YES;
				CLANG_ANALYZER_NONNULL = YES;
				CLANG_ANALYZER_NUMBER_OBJECT_CONVERSION = YES_AGGRESSIVE;
				CLANG_CXX_LANGUAGE_STANDARD = "gnu++20";
				CLANG_ENABLE_MODULES = YES;
				CLANG_ENABLE_OBJC_ARC = YES;
				CLANG_ENABLE_OBJC_WEAK = YES;
				CLANG_WARN_BLOCK_CAPTURE_AUTORELEASING = YES;
				CLANG_WARN_BOOL_CONVERSION = YES;
				CLANG_WARN_COMMA = YES;
				CLANG_WARN_CONSTANT_CONVERSION = YES;
				CLANG_WARN_DEPRECATED_OBJC_IMPLEMENTATIONS = YES;
				CLANG_WARN_DIRECT_OBJC_ISA_USAGE = YES_ERROR;
				CLANG_WARN_DOCUMENTATION_COMMENTS = YES;
				CLANG_WARN_EMPTY_BODY = YES;
				CLANG_WARN_ENUM_CONVERSION = YES;
				CLANG_WARN_INFINITE_RECURSION = YES;
				CLANG_WARN_INT_CONVERSION = YES;
				CLANG_WARN_NON_LITERAL_NULL_CONVERSION = YES;
				CLANG_WARN_OBJC_IMPLICIT_RETAIN_SELF = YES;
				CLANG_WARN_OBJC_LITERAL_CONVERSION = YES;
				CLANG_WARN_OBJC_ROOT_CLASS = YES_ERROR;
				CLANG_WARN_QUOTED_INCLUDE_IN_FRAMEWORK_HEADER = YES;
				CLANG_WARN_RANGE_LOOP_ANALYSIS = YES;
				CLANG_WARN_STRICT_PROTOTYPES = YES;
				CLANG_WARN_SUSPICIOUS_MOVE = YES;
				CLANG_WARN_UNGUARDED_AVAILABILITY = YES_AGGRESSIVE;
				CLANG_WARN_UNREACHABLE_CODE = YES;
				CLANG_WARN__DUPLICATE_METHOD_MATCH = YES;
				COPY_PHASE_STRIP = NO;
				DEBUG_INFORMATION_FORMAT = dwarf;
				DEVELOPMENT_TEAM = RGTYV87Q2P;
				ENABLE_STRICT_OBJC_MSGSEND = YES;
				ENABLE_TESTABILITY = YES;
				ENABLE_USER_SCRIPT_SANDBOXING = YES;
				GCC_C_LANGUAGE_STANDARD = gnu17;
				GCC_DYNAMIC_NO_PIC = NO;
				GCC_NO_COMMON_BLOCKS = YES;
				GCC_OPTIMIZATION_LEVEL = 0;
				GCC_PREPROCESSOR_DEFINITIONS = (
					"DEBUG=1",
					"$(inherited)",
				);
				GCC_WARN_64_TO_32_BIT_CONVERSION = YES;
				GCC_WARN_ABOUT_RETURN_TYPE = YES_ERROR;
				GCC_WARN_UNDECLARED_SELECTOR = YES;
				GCC_WARN_UNINITIALIZED_AUTOS = YES_AGGRESSIVE;
				GCC_WARN_UNUSED_FUNCTION = YES;
				GCC_WARN_UNUSED_VARIABLE = YES;
				IPHONEOS_DEPLOYMENT_TARGET = 26.0;
				LOCALIZATION_PREFERS_STRING_CATALOGS = YES;
				MTL_ENABLE_DEBUG_INFO = INCLUDE_SOURCE;
				MTL_FAST_MATH = YES;
				ONLY_ACTIVE_ARCH = YES;
				SDKROOT = iphoneos;
				SWIFT_ACTIVE_COMPILATION_CONDITIONS = "DEBUG $(inherited)";
				SWIFT_OPTIMIZATION_LEVEL = "-Onone";
			};
			name = Debug;
		};
		F0BFB2782EF1C21D006D4954 /* Release */ = {
			isa = XCBuildConfiguration;
			buildSettings = {
				ALWAYS_SEARCH_USER_PATHS = NO;
				ASSETCATALOG_COMPILER_GENERATE_SWIFT_ASSET_SYMBOL_EXTENSIONS = YES;
				CLANG_ANALYZER_NONNULL = YES;
				CLANG_ANALYZER_NUMBER_OBJECT_CONVERSION = YES_AGGRESSIVE;
				CLANG_CXX_LANGUAGE_STANDARD = "gnu++20";
				CLANG_ENABLE_MODULES = YES;
				CLANG_ENABLE_OBJC_ARC = YES;
				CLANG_ENABLE_OBJC_WEAK = YES;
				CLANG_WARN_BLOCK_CAPTURE_AUTORELEASING = YES;
				CLANG_WARN_BOOL_CONVERSION = YES;
				CLANG_WARN_COMMA = YES;
				CLANG_WARN_CONSTANT_CONVERSION = YES;
				CLANG_WARN_DEPRECATED_OBJC_IMPLEMENTATIONS = YES;
				CLANG_WARN_DIRECT_OBJC_ISA_USAGE = YES_ERROR;
				CLANG_WARN_DOCUMENTATION_COMMENTS = YES;
				CLANG_WARN_EMPTY_BODY = YES;
				CLANG_WARN_ENUM_CONVERSION = YES;
				CLANG_WARN_INFINITE_RECURSION = YES;
				CLANG_WARN_INT_CONVERSION = YES;
				CLANG_WARN_NON_LITERAL_NULL_CONVERSION = YES;
				CLANG_WARN_OBJC_IMPLICIT_RETAIN_SELF = YES;
				CLANG_WARN_OBJC_LITERAL_CONVERSION = YES;
				CLANG_WARN_OBJC_ROOT_CLASS = YES_ERROR;
				CLANG_WARN_QUOTED_INCLUDE_IN_FRAMEWORK_HEADER = YES;
				CLANG_WARN_RANGE_LOOP_ANALYSIS = YES;
				CLANG_WARN_STRICT_PROTOTYPES = YES;
				CLANG_WARN_SUSPICIOUS_MOVE = YES;
				CLANG_WARN_UNGUARDED_AVAILABILITY = YES_AGGRESSIVE;
				CLANG_WARN_UNREACHABLE_CODE = YES;
				CLANG_WARN__DUPLICATE_METHOD_MATCH = YES;
				COPY_PHASE_STRIP = NO;
				DEBUG_INFORMATION_FORMAT = "dwarf-with-dsym";
				DEVELOPMENT_TEAM = RGTYV87Q2P;
				ENABLE_NS_ASSERTIONS = NO;
				ENABLE_STRICT_OBJC_MSGSEND = YES;
				ENABLE_USER_SCRIPT_SANDBOXING = YES;
				GCC_C_LANGUAGE_STANDARD = gnu17;
				GCC_NO_COMMON_BLOCKS = YES;
				GCC_WARN_64_TO_32_BIT_CONVERSION = YES;
				GCC_WARN_ABOUT_RETURN_TYPE = YES_ERROR;
				GCC_WARN_UNDECLARED_SELECTOR = YES;
				GCC_WARN_UNINITIALIZED_AUTOS = YES_AGGRESSIVE;
				GCC_WARN_UNUSED_FUNCTION = YES;
				GCC_WARN_UNUSED_VARIABLE = YES;
				IPHONEOS_DEPLOYMENT_TARGET = 26.0;
				LOCALIZATION_PREFERS_STRING_CATALOGS = YES;
				MTL_ENABLE_DEBUG_INFO = NO;
				MTL_FAST_MATH = YES;
				SDKROOT = iphoneos;
				SWIFT_COMPILATION_MODE = wholemodule;
				VALIDATE_PRODUCT = YES;
			};
			name = Release;
		};
/* End XCBuildConfiguration section */

/* Begin XCConfigurationList section */
		F1D000142F21000100A1B2C3 /* Build configuration list for PBXNativeTarget "Demo App With CoordinatorsTests" */ = {
			isa = XCConfigurationList;
			buildConfigurations = (
				F1D000122F21000100A1B2C3 /* Debug */,
				F1D000132F21000100A1B2C3 /* Release */,
			);
			defaultConfigurationIsVisible = 0;
			defaultConfigurationName = Release;
		};
		F0BFB25C2EF1C21C006D4954 /* Build configuration list for PBXProject "Demo App With Coordinators" */ = {
			isa = XCConfigurationList;
			buildConfigurations = (
				F0BFB2772EF1C21D006D4954 /* Debug */,
				F0BFB2782EF1C21D006D4954 /* Release */,
			);
			defaultConfigurationIsVisible = 0;
			defaultConfigurationName = Release;
		};
		F0BFB2742EF1C21D006D4954 /* Build configuration list for PBXNativeTarget "Demo App With Coordinators" */ = {
			isa = XCConfigurationList;
			buildConfigurations = (
				F0BFB2752EF1C21D006D4954 /* Debug */,
				F0BFB2762EF1C21D006D4954 /* Release */,
			);
			defaultConfigurationIsVisible = 0;
			defaultConfigurationName = Release;
		};
/* End XCConfigurationList section */

/* Begin XCLocalSwiftPackageReference section */
		F02186A52EF5592A00C6E14A /* XCLocalSwiftPackageReference "Packages/HomeFeature" */ = {
			isa = XCLocalSwiftPackageReference;
			relativePath = Packages/HomeFeature;
		};
		F02186A82EF5596F00C6E14A /* XCLocalSwiftPackageReference "Packages/CartFeature" */ = {
			isa = XCLocalSwiftPackageReference;
			relativePath = Packages/CartFeature;
		};
		F05EEFE92EF9449D00ECE500 /* XCLocalSwiftPackageReference "Packages/DeliveryFeature" */ = {
			isa = XCLocalSwiftPackageReference;
			relativePath = Packages/DeliveryFeature;
		};
		F05EEFEC2EF951B700ECE500 /* XCLocalSwiftPackageReference "Packages/Core" */ = {
			isa = XCLocalSwiftPackageReference;
			relativePath = Packages/Core;
		};
		F0C7A0022F0A000100A1B2C3 /* XCLocalSwiftPackageReference "Packages/PaymentFeature" */ = {
			isa = XCLocalSwiftPackageReference;
			relativePath = Packages/PaymentFeature;
		};
/* End XCLocalSwiftPackageReference section */

/* Begin XCSwiftPackageProductDependency section */
		F02186A62EF5592A00C6E14A /* HomeFeature */ = {
			isa = XCSwiftPackageProductDependency;
			productName = HomeFeature;
		};
		F02186A92EF5596F00C6E14A /* CartFeature */ = {
			isa = XCSwiftPackageProductDependency;
			productName = CartFeature;
		};
		F05EEFEA2EF9449D00ECE500 /* DeliveryFeature */ = {
			isa = XCSwiftPackageProductDependency;
			productName = DeliveryFeature;
		};
		F05EEFED2EF951B700ECE500 /* Core */ = {
			isa = XCSwiftPackageProductDependency;
			productName = Core;
		};
		F0C7A0032F0A000100A1B2C3 /* PaymentFeature */ = {
			isa = XCSwiftPackageProductDependency;
			productName = PaymentFeature;
		};
/* End XCSwiftPackageProductDependency section */
	};
	rootObject = F0BFB2592EF1C21C006D4954 /* Project object */;
}
